{
  "name": "burger-shop",
  "version": "1.0.0",
  "lockfileVersion": 2,
  "requires": true,
  "packages": {
    "": {
      "name": "burger-shop",
      "version": "1.0.0",
      "license": "UNLICENSED",
      "dependencies": {
        "next": "13.4.4",
        "react": "18.2.0",
        "react-dom": "18.2.0",
        "framer-motion": "10.12.16",
        "react-icons": "4.10.1",
        "eslint": "8.0.0",
        "eslint-config-next": "13.4.4"
      }
    },
    "node_modules/next": {
      "version": "13.4.4",
      "resolved": "https://registry.npmjs.org/next/-/next-13.4.4.tgz",
      "integrity": "sha512-PLACEHOLDER",
      "dependencies": {
        "react": "18.2.0",
        "react-dom": "18.2.0"
      }
    },
    "node_modules/react": {
      "version": "18.2.0",
      "resolved": "https://registry.npmjs.org/react/-/react-18.2.0.tgz",
      "integrity": "sha512-PLACEHOLDER"
    },
    "node_modules/react-dom": {
      "version": "18.2.0",
      "resolved": "https://registry.npmjs.org/react-dom/-/react-dom-18.2.0.tgz",
      "integrity": "sha512-PLACEHOLDER"
    },
    "node_modules/framer-motion": {
      "version": "10.12.16",
      "resolved": "https://registry.npmjs.org/framer-motion/-/framer-motion-10.12.16.tgz",
      "integrity": "sha512-PLACEHOLDER"
    },
    "node_modules/react-icons": {
      "version": "4.10.1",
      "resolved": "https://registry.npmjs.org/react-icons/-/react-icons-4.10.1.tgz",
      "integrity": "sha512-PLACEHOLDER"
    },
    "node_modules/eslint": {
      "version": "8.0.0",
      "resolved": "https://registry.npmjs.org/eslint/-/eslint-8.0.0.tgz",
      "integrity": "sha512-PLACEHOLDER"
    },
    "node_modules/eslint-config-next": {
      "version": "13.4.4",
      "resolved": "https://registry.npmjs.org/eslint-config-next/-/eslint-config-next-13.4.4.tgz",
      "integrity": "sha512-PLACEHOLDER",
      "peerDependencies": {
        "eslint": "^8.0.0",
        "next": "13.4.4"
      }
    }
  },
  "dependencies": {
    "next": {
      "version": "13.4.4",
      "resolved": "https://registry.npmjs.org/next/-/next-13.4.4.tgz",
      "integrity": "sha512-PLACEHOLDER",
      "requires": {
        "react": "18.2.0",
        "react-dom": "18.2.0"
      }
    },
    "react": {
      "version": "18.2.0",
      "resolved": "https://registry.npmjs.org/react/-/react-18.2.0.tgz",
      "integrity": "sha512-PLACEHOLDER"
    },
    "react-dom": {
      "version": "18.2.0",
      "resolved": "https://registry.npmjs.org/react-dom/-/react-dom-18.2.0.tgz",
      "integrity": "sha512-PLACEHOLDER"
    },
    "framer-motion": {
      "version": "10.12.16",
      "resolved": "https://registry.npmjs.org/framer-motion/-/framer-motion-10.12.16.tgz",
      "integrity": "sha512-PLACEHOLDER"
    },
    "react-icons": {
      "version": "4.10.1",
      "resolved": "https://registry.npmjs.org/react-icons/-/react-icons-4.10.1.tgz",
      "integrity": "sha512-PLACEHOLDER"
    },
    "eslint": {
      "version": "8.0.0",
      "resolved": "https://registry.npmjs.org/eslint/-/eslint-8.0.0.tgz",
      "integrity": "sha512-PLACEHOLDER"
    },
    "eslint-config-next": {
      "version": "13.4.4",
      "resolved": "https://registry.npmjs.org/eslint-config-next/-/eslint-config-next-13.4.4.tgz",
      "integrity": "sha512-PLACEHOLDER",
      "requires": {
        "eslint": "^8.0.0",
        "next": "13.4.4"
      }
    }
  }
}
